{
  "name": "graphql-to-rest",
  "version": "1.0.0",
  "lockfileVersion": 1,
  "requires": true,
  "dependencies": {
    "@types/common-tags": {
      "version": "1.8.0",
      "resolved": "https://registry.npmjs.org/@types/common-tags/-/common-tags-1.8.0.tgz",
      "integrity": "sha512-htRqZr5qn8EzMelhX/Xmx142z218lLyGaeZ3YR8jlze4TATRU9huKKvuBmAJEW4LCC4pnY1N6JAm6p85fMHjhg==",
      "dev": true
    },
    "@types/graphql": {
      "version": "14.2.2",
      "resolved": "https://registry.npmjs.org/@types/graphql/-/graphql-14.2.2.tgz",
      "integrity": "sha512-okXbUmdZFMO3AYBEJCcpJFPFDkKmIiZZBqWD5TmPtAv+GHfjD2qLZEI0PvZ8IWMU4ozoK2HV2lDxWjw4LbVlnw==",
      "dev": true
    },
    "@types/node": {
      "version": "12.0.10",
      "resolved": "https://registry.npmjs.org/@types/node/-/node-12.0.10.tgz",
      "integrity": "sha512-LcsGbPomWsad6wmMNv7nBLw7YYYyfdYcz6xryKYQhx89c3XXan+8Q6AJ43G5XDIaklaVkK3mE4fCb0SBvMiPSQ==",
      "dev": true
    },
    "@types/prettier": {
      "version": "1.16.4",
      "resolved": "https://registry.npmjs.org/@types/prettier/-/prettier-1.16.4.tgz",
      "integrity": "sha512-MG7ExKBo7AQ5UrL1awyYLNinNM/kyXgE4iP4Ul9fB+T7n768Z5Xem8IZeP6Bna0xze8gkDly49Rgge2HOEw4xA==",
      "dev": true
    },
    "common-tags": {
      "version": "1.8.0",
      "resolved": "https://registry.npmjs.org/common-tags/-/common-tags-1.8.0.tgz",
      "integrity": "sha512-6P6g0uetGpW/sdyUy/iQQCbFF0kWVMSIVSyYz7Zgjcgh8mgw8PQzDNZeyZ5DQ2gM7LBoZPHmnjz8rUthkBG5tw==",
      "dev": true
    },
    "graphql": {
      "version": "14.4.1",
      "resolved": "https://registry.npmjs.org/graphql/-/graphql-14.4.1.tgz",
      "integrity": "sha512-g4HUH26CohlMjaHneXMAtvG3QtO6peJIUTFxrPW4g5LNnXkUuFoBI6Bk1c14Q5kW8+FyjM/tTbePTgpiVB/2hQ==",
      "dev": true,
      "requires": {
        "iterall": "^1.2.2"
      }
    },
    "iterall": {
      "version": "1.2.2",
      "resolved": "https://registry.npmjs.org/iterall/-/iterall-1.2.2.tgz",
      "integrity": "sha512-yynBb1g+RFUPY64fTrFv7nsjRrENBQJaX2UL+2Szc9REFrSNm1rpSXHGzhmAy7a9uv3vlvgBlXnf9RqmPH1/DA==",
      "dev": true
    },
    "prettier": {
      "version": "1.18.2",
      "resolved": "https://registry.npmjs.org/prettier/-/prettier-1.18.2.tgz",
      "integrity": "sha512-OeHeMc0JhFE9idD4ZdtNibzY0+TPHSpSSb9h8FqtP+YnoZZ1sl8Vc9b1sasjfymH3SonAF4QcA2+mzHPhMvIiw==",
      "dev": true
    },
    "typescript": {
      "version": "3.6.2",
      "resolved": "https://registry.npmjs.org/typescript/-/typescript-3.6.2.tgz",
      "integrity": "sha512-lmQ4L+J6mnu3xweP8+rOrUwzmN+MRAj7TgtJtDaXE5PMyX2kCrklhg3rvOsOIfNeAWMQWO2F1GPc1kMD2vLAfw==",
      "dev": true
    }
  }
}
